
Microsoft Visual Studio Solution File, Format Version 12.00
# Visual Studio Version 17
VisualStudioVersion = 17.2.32516.85
MinimumVisualStudioVersion = 10.0.40219.1
Project("{8BC9CEB8-8B4A-11D0-8D11-00A0C91BC942}") = "Connect4Cpp", "Connect4Cpp\Connect4Cpp.vcxproj", "{4CD4F8C6-F5F2-4D7E-910F-384FC985B7CC}"
EndProject
Global
	GlobalSection(SolutionConfigurationPlatforms) = preSolution
		Debug|x64 = Debug|x64
		Debug|x86 = Debug|x86
		Release|x64 = Release|x64
		Release|x86 = Release|x86
	EndGlobalSection
	GlobalSection(ProjectConfigurationPlatforms) = postSolution
		{4CD4F8C6-F5F2-4D7E-910F-384FC985B7CC}.Debug|x64.ActiveCfg = Debug|x64
		{4CD4F8C6-F5F2-4D7E-910F-384FC985B7CC}.Debug|x64.Build.0 = Debug|x64
		{4CD4F8C6-F5F2-4D7E-910F-384FC985B7CC}.Debug|x86.ActiveCfg = Debug|Win32
		{4CD4F8C6-F5F2-4D7E-910F-384FC985B7CC}.Debug|x86.Build.0 = Debug|Win32
		{4CD4F8C6-F5F2-4D7E-910F-384FC985B7CC}.Release|x64.ActiveCfg = Release|x64
		{4CD4F8C6-F5F2-4D7E-910F-384FC985B7CC}.Release|x64.Build.0 = Release|x64
		{4CD4F8C6-F5F2-4D7E-910F-384FC985B7CC}.Release|x86.ActiveCfg = Release|Win32
		{4CD4F8C6-F5F2-4D7E-910F-384FC985B7CC}.Release|x86.Build.0 = Release|Win32
	EndGlobalSection
	GlobalSection(SolutionProperties) = preSolution
		HideSolutionNode = FALSE
	EndGlobalSection
	GlobalSection(ExtensibilityGlobals) = postSolution
		SolutionGuid = {64966B48-9736-4244-A76C-24797E1BB7F7}
	EndGlobalSection
EndGlobal
